// !$*UTF8*$!
{
	archiveVersion = 1;
	classes = {
	};
	objectVersion = 55;
	objects = {

/* Begin PBXBuildFile section */
		CE6EF5D628A89B1000976D9C /* AppDelegate.swift in Sources */ = {isa = PBXBuildFile; fileRef = CE6EF5D528A89B1000976D9C /* AppDelegate.swift */; };
		CE6EF5D828A89B1000976D9C /* SceneDelegate.swift in Sources */ = {isa = PBXBuildFile; fileRef = CE6EF5D728A89B1000976D9C /* SceneDelegate.swift */; };
		CE6EF5DF28A89B1000976D9C /* Assets.xcassets in Resources */ = {isa = PBXBuildFile; fileRef = CE6EF5DE28A89B1000976D9C /* Assets.xcassets */; };
		CE6EF5E228A89B1000976D9C /* LaunchScreen.storyboard in Resources */ = {isa = PBXBuildFile; fileRef = CE6EF5E028A89B1000976D9C /* LaunchScreen.storyboard */; };
		CEB5C0C328AA2B41009EBDBE /* Swinject in Frameworks */ = {isa = PBXBuildFile; productRef = CEB5C0C228AA2B41009EBDBE /* Swinject */; };
		CEE155E528A8CE2B00756C89 /* GiphySearchPresentationLayer.framework in Frameworks */ = {isa = PBXBuildFile; fileRef = CEE155E128A8CDF700756C89 /* GiphySearchPresentationLayer.framework */; };
		CEE155E628A8CE2B00756C89 /* GiphySearchPresentationLayer.framework in Embed Frameworks */ = {isa = PBXBuildFile; fileRef = CEE155E128A8CDF700756C89 /* GiphySearchPresentationLayer.framework */; settings = {ATTRIBUTES = (CodeSignOnCopy, RemoveHeadersOnCopy, ); }; };
		CEE155F128A8CEC100756C89 /* GiphyDomainLayer.framework in Frameworks */ = {isa = PBXBuildFile; fileRef = CEE155EE28A8CEB800756C89 /* GiphyDomainLayer.framework */; };
		CEE155F228A8CEC100756C89 /* GiphyDomainLayer.framework in Embed Frameworks */ = {isa = PBXBuildFile; fileRef = CEE155EE28A8CEB800756C89 /* GiphyDomainLayer.framework */; settings = {ATTRIBUTES = (CodeSignOnCopy, RemoveHeadersOnCopy, ); }; };
		CEE1561728A8CF1C00756C89 /* GiphyDataLayer.framework in Frameworks */ = {isa = PBXBuildFile; fileRef = CEE1561428A8CF1500756C89 /* GiphyDataLayer.framework */; };
		CEE1561828A8CF1C00756C89 /* GiphyDataLayer.framework in Embed Frameworks */ = {isa = PBXBuildFile; fileRef = CEE1561428A8CF1500756C89 /* GiphyDataLayer.framework */; settings = {ATTRIBUTES = (CodeSignOnCopy, RemoveHeadersOnCopy, ); }; };
		CEE1562328A8CF8F00756C89 /* URLRequestDataSourceLayer.framework in Frameworks */ = {isa = PBXBuildFile; fileRef = CEE1562028A8CF6600756C89 /* URLRequestDataSourceLayer.framework */; };
		CEE1562428A8CF8F00756C89 /* URLRequestDataSourceLayer.framework in Embed Frameworks */ = {isa = PBXBuildFile; fileRef = CEE1562028A8CF6600756C89 /* URLRequestDataSourceLayer.framework */; settings = {ATTRIBUTES = (CodeSignOnCopy, RemoveHeadersOnCopy, ); }; };
/* End PBXBuildFile section */

/* Begin PBXContainerItemProxy section */
		CEE155E028A8CDF700756C89 /* PBXContainerItemProxy */ = {
			isa = PBXContainerItemProxy;
			containerPortal = CEE155DA28A8CDF600756C89 /* GiphySearchPresentationLayer.xcodeproj */;
			proxyType = 2;
			remoteGlobalIDString = CE0881AE28A8CD6200910E3E;
			remoteInfo = GiphySearchPresentationLayer;
		};
		CEE155E228A8CDF700756C89 /* PBXContainerItemProxy */ = {
			isa = PBXContainerItemProxy;
			containerPortal = CEE155DA28A8CDF600756C89 /* GiphySearchPresentationLayer.xcodeproj */;
			proxyType = 2;
			remoteGlobalIDString = CE0881B828A8CD6200910E3E;
			remoteInfo = GiphySearchPresentationLayerTests;
		};
		CEE155ED28A8CEB800756C89 /* PBXContainerItemProxy */ = {
			isa = PBXContainerItemProxy;
			containerPortal = CEE155E828A8CEB800756C89 /* GiphyDomainLayer.xcodeproj */;
			proxyType = 2;
			remoteGlobalIDString = CEFF2C9528A8BB6F006B169F;
			remoteInfo = GiphyDomainLayer;
		};
		CEE155EF28A8CEB800756C89 /* PBXContainerItemProxy */ = {
			isa = PBXContainerItemProxy;
			containerPortal = CEE155E828A8CEB800756C89 /* GiphyDomainLayer.xcodeproj */;
			proxyType = 2;
			remoteGlobalIDString = CEFF2C9F28A8BB6F006B169F;
			remoteInfo = GiphyDomainLayerTests;
		};
		CEE1561328A8CF1500756C89 /* PBXContainerItemProxy */ = {
			isa = PBXContainerItemProxy;
			containerPortal = CEE1560C28A8CF1500756C89 /* GiphyDataLayer.xcodeproj */;
			proxyType = 2;
			remoteGlobalIDString = CEFF2CC128A8BE8C006B169F;
			remoteInfo = GiphyDataLayer;
		};
		CEE1561528A8CF1500756C89 /* PBXContainerItemProxy */ = {
			isa = PBXContainerItemProxy;
			containerPortal = CEE1560C28A8CF1500756C89 /* GiphyDataLayer.xcodeproj */;
			proxyType = 2;
			remoteGlobalIDString = CEFF2CCB28A8BE8C006B169F;
			remoteInfo = GiphyDataLayerTests;
		};
		CEE1561F28A8CF6600756C89 /* PBXContainerItemProxy */ = {
			isa = PBXContainerItemProxy;
			containerPortal = CEE1561928A8CF6600756C89 /* URLRequestDataSourceLayer.xcodeproj */;
			proxyType = 2;
			remoteGlobalIDString = CEACC1A628A8B33100F28BFA;
			remoteInfo = URLRequestDataSourceLayer;
		};
		CEE1562128A8CF6600756C89 /* PBXContainerItemProxy */ = {
			isa = PBXContainerItemProxy;
			containerPortal = CEE1561928A8CF6600756C89 /* URLRequestDataSourceLayer.xcodeproj */;
			proxyType = 2;
			remoteGlobalIDString = CEACC1B028A8B33100F28BFA;
			remoteInfo = URLRequestDataSourceLayerTests;
		};
/* End PBXContainerItemProxy section */

/* Begin PBXCopyFilesBuildPhase section */
		CEE155E728A8CE2B00756C89 /* Embed Frameworks */ = {
			isa = PBXCopyFilesBuildPhase;
			buildActionMask = 2147483647;
			dstPath = "";
			dstSubfolderSpec = 10;
			files = (
				CEE155F228A8CEC100756C89 /* GiphyDomainLayer.framework in Embed Frameworks */,
				CEE1561828A8CF1C00756C89 /* GiphyDataLayer.framework in Embed Frameworks */,
				CEE155E628A8CE2B00756C89 /* GiphySearchPresentationLayer.framework in Embed Frameworks */,
				CEE1562428A8CF8F00756C89 /* URLRequestDataSourceLayer.framework in Embed Frameworks */,
			);
			name = "Embed Frameworks";
			runOnlyForDeploymentPostprocessing = 0;
		};
/* End PBXCopyFilesBuildPhase section */

/* Begin PBXFileReference section */
		CE6EF5D228A89B1000976D9C /* Giphy.app */ = {isa = PBXFileReference; explicitFileType = wrapper.application; includeInIndex = 0; path = Giphy.app; sourceTree = BUILT_PRODUCTS_DIR; };
		CE6EF5D528A89B1000976D9C /* AppDelegate.swift */ = {isa = PBXFileReference; lastKnownFileType = sourcecode.swift; path = AppDelegate.swift; sourceTree = "<group>"; };
		CE6EF5D728A89B1000976D9C /* SceneDelegate.swift */ = {isa = PBXFileReference; lastKnownFileType = sourcecode.swift; path = SceneDelegate.swift; sourceTree = "<group>"; };
		CE6EF5DE28A89B1000976D9C /* Assets.xcassets */ = {isa = PBXFileReference; lastKnownFileType = folder.assetcatalog; path = Assets.xcassets; sourceTree = "<group>"; };
		CE6EF5E128A89B1000976D9C /* Base */ = {isa = PBXFileReference; lastKnownFileType = file.storyboard; name = Base; path = Base.lproj/LaunchScreen.storyboard; sourceTree = "<group>"; };
		CE6EF5E328A89B1000976D9C /* Info.plist */ = {isa = PBXFileReference; lastKnownFileType = text.plist.xml; path = Info.plist; sourceTree = "<group>"; };
		CEE155DA28A8CDF600756C89 /* GiphySearchPresentationLayer.xcodeproj */ = {isa = PBXFileReference; lastKnownFileType = "wrapper.pb-project"; name = GiphySearchPresentationLayer.xcodeproj; path = GiphySearchPresentationLayer/GiphySearchPresentationLayer.xcodeproj; sourceTree = "<group>"; };
		CEE155E828A8CEB800756C89 /* GiphyDomainLayer.xcodeproj */ = {isa = PBXFileReference; lastKnownFileType = "wrapper.pb-project"; name = GiphyDomainLayer.xcodeproj; path = GiphyDomainLayer/GiphyDomainLayer.xcodeproj; sourceTree = "<group>"; };
		CEE1560C28A8CF1500756C89 /* GiphyDataLayer.xcodeproj */ = {isa = PBXFileReference; lastKnownFileType = "wrapper.pb-project"; name = GiphyDataLayer.xcodeproj; path = GiphyDataLayer/GiphyDataLayer.xcodeproj; sourceTree = "<group>"; };
		CEE1561928A8CF6600756C89 /* URLRequestDataSourceLayer.xcodeproj */ = {isa = PBXFileReference; lastKnownFileType = "wrapper.pb-project"; name = URLRequestDataSourceLayer.xcodeproj; path = URLRequestDataSourceLayer/URLRequestDataSourceLayer.xcodeproj; sourceTree = "<group>"; };
/* End PBXFileReference section */

/* Begin PBXFrameworksBuildPhase section */
		CE6EF5CF28A89B1000976D9C /* Frameworks */ = {
			isa = PBXFrameworksBuildPhase;
			buildActionMask = 2147483647;
			files = (
				CEE155F128A8CEC100756C89 /* GiphyDomainLayer.framework in Frameworks */,
				CEB5C0C328AA2B41009EBDBE /* Swinject in Frameworks */,
				CEE1561728A8CF1C00756C89 /* GiphyDataLayer.framework in Frameworks */,
				CEE155E528A8CE2B00756C89 /* GiphySearchPresentationLayer.framework in Frameworks */,
				CEE1562328A8CF8F00756C89 /* URLRequestDataSourceLayer.framework in Frameworks */,
			);
			runOnlyForDeploymentPostprocessing = 0;
		};
/* End PBXFrameworksBuildPhase section */

/* Begin PBXGroup section */
		CE6EF5C928A89B1000976D9C = {
			isa = PBXGroup;
			children = (
				CE6EF5D428A89B1000976D9C /* Giphy */,
				CE6EF5D328A89B1000976D9C /* Products */,
				CEE155E428A8CE2B00756C89 /* Frameworks */,
			);
			sourceTree = "<group>";
		};
		CE6EF5D328A89B1000976D9C /* Products */ = {
			isa = PBXGroup;
			children = (
				CE6EF5D228A89B1000976D9C /* Giphy.app */,
			);
			name = Products;
			sourceTree = "<group>";
		};
		CE6EF5D428A89B1000976D9C /* Giphy */ = {
			isa = PBXGroup;
			children = (
				CE6EF5D528A89B1000976D9C /* AppDelegate.swift */,
				CE6EF5D728A89B1000976D9C /* SceneDelegate.swift */,
				CE6EF5DE28A89B1000976D9C /* Assets.xcassets */,
				CE6EF5E028A89B1000976D9C /* LaunchScreen.storyboard */,
				CE6EF5E328A89B1000976D9C /* Info.plist */,
			);
			path = Giphy;
			sourceTree = "<group>";
		};
		CEE155DB28A8CDF600756C89 /* Products */ = {
			isa = PBXGroup;
			children = (
				CEE155E128A8CDF700756C89 /* GiphySearchPresentationLayer.framework */,
				CEE155E328A8CDF700756C89 /* GiphySearchPresentationLayerTests.xctest */,
			);
			name = Products;
			sourceTree = "<group>";
		};
		CEE155E428A8CE2B00756C89 /* Frameworks */ = {
			isa = PBXGroup;
			children = (
				CEE1561928A8CF6600756C89 /* URLRequestDataSourceLayer.xcodeproj */,
				CEE1560C28A8CF1500756C89 /* GiphyDataLayer.xcodeproj */,
				CEE155E828A8CEB800756C89 /* GiphyDomainLayer.xcodeproj */,
				CEE155DA28A8CDF600756C89 /* GiphySearchPresentationLayer.xcodeproj */,
			);
			name = Frameworks;
			sourceTree = "<group>";
		};
		CEE155E928A8CEB800756C89 /* Products */ = {
			isa = PBXGroup;
			children = (
				CEE155EE28A8CEB800756C89 /* GiphyDomainLayer.framework */,
				CEE155F028A8CEB800756C89 /* GiphyDomainLayerTests.xctest */,
			);
			name = Products;
			sourceTree = "<group>";
		};
		CEE1560D28A8CF1500756C89 /* Products */ = {
			isa = PBXGroup;
			children = (
				CEE1561428A8CF1500756C89 /* GiphyDataLayer.framework */,
				CEE1561628A8CF1500756C89 /* GiphyDataLayerTests.xctest */,
			);
			name = Products;
			sourceTree = "<group>";
		};
		CEE1561A28A8CF6600756C89 /* Products */ = {
			isa = PBXGroup;
			children = (
				CEE1562028A8CF6600756C89 /* URLRequestDataSourceLayer.framework */,
				CEE1562228A8CF6600756C89 /* URLRequestDataSourceLayerTests.xctest */,
			);
			name = Products;
			sourceTree = "<group>";
		};
/* End PBXGroup section */

/* Begin PBXNativeTarget section */
		CE6EF5D128A89B1000976D9C /* Giphy */ = {
			isa = PBXNativeTarget;
			buildConfigurationList = CE6EF5E628A89B1000976D9C /* Build configuration list for PBXNativeTarget "Giphy" */;
			buildPhases = (
				CE6EF5CE28A89B1000976D9C /* Sources */,
				CE6EF5CF28A89B1000976D9C /* Frameworks */,
				CE6EF5D028A89B1000976D9C /* Resources */,
				CEE155E728A8CE2B00756C89 /* Embed Frameworks */,
			);
			buildRules = (
			);
			dependencies = (
			);
			name = Giphy;
			packageProductDependencies = (
				CEB5C0C228AA2B41009EBDBE /* Swinject */,
			);
			productName = Giphy;
			productReference = CE6EF5D228A89B1000976D9C /* Giphy.app */;
			productType = "com.apple.product-type.application";
		};
/* End PBXNativeTarget section */

/* Begin PBXProject section */
		CE6EF5CA28A89B1000976D9C /* Project object */ = {
			isa = PBXProject;
			attributes = {
				BuildIndependentTargetsInParallel = 1;
				LastSwiftUpdateCheck = 1340;
				LastUpgradeCheck = 1340;
				TargetAttributes = {
					CE6EF5D128A89B1000976D9C = {
						CreatedOnToolsVersion = 13.4;
					};
				};
			};
			buildConfigurationList = CE6EF5CD28A89B1000976D9C /* Build configuration list for PBXProject "Giphy" */;
			compatibilityVersion = "Xcode 13.0";
			developmentRegion = en;
			hasScannedForEncodings = 0;
			knownRegions = (
				en,
				Base,
			);
			mainGroup = CE6EF5C928A89B1000976D9C;
			packageReferences = (
				CEB5C0C128AA2B41009EBDBE /* XCRemoteSwiftPackageReference "Swinject" */,
			);
			productRefGroup = CE6EF5D328A89B1000976D9C /* Products */;
			projectDirPath = "";
			projectReferences = (
				{
					ProductGroup = CEE1560D28A8CF1500756C89 /* Products */;
					ProjectRef = CEE1560C28A8CF1500756C89 /* GiphyDataLayer.xcodeproj */;
				},
				{
					ProductGroup = CEE155E928A8CEB800756C89 /* Products */;
					ProjectRef = CEE155E828A8CEB800756C89 /* GiphyDomainLayer.xcodeproj */;
				},
				{
					ProductGroup = CEE155DB28A8CDF600756C89 /* Products */;
					ProjectRef = CEE155DA28A8CDF600756C89 /* GiphySearchPresentationLayer.xcodeproj */;
				},
				{
					ProductGroup = CEE1561A28A8CF6600756C89 /* Products */;
					ProjectRef = CEE1561928A8CF6600756C89 /* URLRequestDataSourceLayer.xcodeproj */;
				},
			);
			projectRoot = "";
			targets = (
				CE6EF5D128A89B1000976D9C /* Giphy */,
			);
		};
/* End PBXProject section */

/* Begin PBXReferenceProxy section */
		CEE155E128A8CDF700756C89 /* GiphySearchPresentationLayer.framework */ = {
			isa = PBXReferenceProxy;
			fileType = wrapper.framework;
			path = GiphySearchPresentationLayer.framework;
			remoteRef = CEE155E028A8CDF700756C89 /* PBXContainerItemProxy */;
			sourceTree = BUILT_PRODUCTS_DIR;
		};
		CEE155E328A8CDF700756C89 /* GiphySearchPresentationLayerTests.xctest */ = {
			isa = PBXReferenceProxy;
			fileType = wrapper.cfbundle;
			path = GiphySearchPresentationLayerTests.xctest;
			remoteRef = CEE155E228A8CDF700756C89 /* PBXContainerItemProxy */;
			sourceTree = BUILT_PRODUCTS_DIR;
		};
		CEE155EE28A8CEB800756C89 /* GiphyDomainLayer.framework */ = {
			isa = PBXReferenceProxy;
			fileType = wrapper.framework;
			path = GiphyDomainLayer.framework;
			remoteRef = CEE155ED28A8CEB800756C89 /* PBXContainerItemProxy */;
			sourceTree = BUILT_PRODUCTS_DIR;
		};
		CEE155F028A8CEB800756C89 /* GiphyDomainLayerTests.xctest */ = {
			isa = PBXReferenceProxy;
			fileType = wrapper.cfbundle;
			path = GiphyDomainLayerTests.xctest;
			remoteRef = CEE155EF28A8CEB800756C89 /* PBXContainerItemProxy */;
			sourceTree = BUILT_PRODUCTS_DIR;
		};
		CEE1561428A8CF1500756C89 /* GiphyDataLayer.framework */ = {
			isa = PBXReferenceProxy;
			fileType = wrapper.framework;
			path = GiphyDataLayer.framework;
			remoteRef = CEE1561328A8CF1500756C89 /* PBXContainerItemProxy */;
			sourceTree = BUILT_PRODUCTS_DIR;
		};
		CEE1561628A8CF1500756C89 /* GiphyDataLayerTests.xctest */ = {
			isa = PBXReferenceProxy;
			fileType = wrapper.cfbundle;
			path = GiphyDataLayerTests.xctest;
			remoteRef = CEE1561528A8CF1500756C89 /* PBXContainerItemProxy */;
			sourceTree = BUILT_PRODUCTS_DIR;
		};
		CEE1562028A8CF6600756C89 /* URLRequestDataSourceLayer.framework */ = {
			isa = PBXReferenceProxy;
			fileType = wrapper.framework;
			path = URLRequestDataSourceLayer.framework;
			remoteRef = CEE1561F28A8CF6600756C89 /* PBXContainerItemProxy */;
			sourceTree = BUILT_PRODUCTS_DIR;
		};
		CEE1562228A8CF6600756C89 /* URLRequestDataSourceLayerTests.xctest */ = {
			isa = PBXReferenceProxy;
			fileType = wrapper.cfbundle;
			path = URLRequestDataSourceLayerTests.xctest;
			remoteRef = CEE1562128A8CF6600756C89 /* PBXContainerItemProxy */;
			sourceTree = BUILT_PRODUCTS_DIR;
		};
/* End PBXReferenceProxy section */

/* Begin PBXResourcesBuildPhase section */
		CE6EF5D028A89B1000976D9C /* Resources */ = {
			isa = PBXResourcesBuildPhase;
			buildActionMask = 2147483647;
			files = (
				CE6EF5E228A89B1000976D9C /* LaunchScreen.storyboard in Resources */,
				CE6EF5DF28A89B1000976D9C /* Assets.xcassets in Resources */,
			);
			runOnlyForDeploymentPostprocessing = 0;
		};
/* End PBXResourcesBuildPhase section */

/* Begin PBXSourcesBuildPhase section */
		CE6EF5CE28A89B1000976D9C /* Sources */ = {
			isa = PBXSourcesBuildPhase;
			buildActionMask = 2147483647;
			files = (
				CE6EF5D628A89B1000976D9C /* AppDelegate.swift in Sources */,
				CE6EF5D828A89B1000976D9C /* SceneDelegate.swift in Sources */,
			);
			runOnlyForDeploymentPostprocessing = 0;
		};
/* End PBXSourcesBuildPhase section */

/* Begin PBXVariantGroup section */
		CE6EF5E028A89B1000976D9C /* LaunchScreen.storyboard */ = {
			isa = PBXVariantGroup;
			children = (
				CE6EF5E128A89B1000976D9C /* Base */,
			);
			name = LaunchScreen.storyboard;
			sourceTree = "<group>";
		};
/* End PBXVariantGroup section */

/* Begin XCBuildConfiguration section */
		CE6EF5E428A89B1000976D9C /* Debug */ = {
			isa = XCBuildConfiguration;
			buildSettings = {
				ALWAYS_SEARCH_USER_PATHS = NO;
				CLANG_ANALYZER_NONNULL = YES;
				CLANG_ANALYZER_NUMBER_OBJECT_CONVERSION = YES_AGGRESSIVE;
				CLANG_CXX_LANGUAGE_STANDARD = "gnu++17";
				CLANG_ENABLE_MODULES = YES;
				CLANG_ENABLE_OBJC_ARC = YES;
				CLANG_ENABLE_OBJC_WEAK = YES;
				CLANG_WARN_BLOCK_CAPTURE_AUTORELEASING = YES;
				CLANG_WARN_BOOL_CONVERSION = YES;
				CLANG_WARN_COMMA = YES;
				CLANG_WARN_CONSTANT_CONVERSION = YES;
				CLANG_WARN_DEPRECATED_OBJC_IMPLEMENTATIONS = YES;
				CLANG_WARN_DIRECT_OBJC_ISA_USAGE = YES_ERROR;
				CLANG_WARN_DOCUMENTATION_COMMENTS = YES;
				CLANG_WARN_EMPTY_BODY = YES;
				CLANG_WARN_ENUM_CONVERSION = YES;
				CLANG_WARN_INFINITE_RECURSION = YES;
				CLANG_WARN_INT_CONVERSION = YES;
				CLANG_WARN_NON_LITERAL_NULL_CONVERSION = YES;
				CLANG_WARN_OBJC_IMPLICIT_RETAIN_SELF = YES;
				CLANG_WARN_OBJC_LITERAL_CONVERSION = YES;
				CLANG_WARN_OBJC_ROOT_CLASS = YES_ERROR;
				CLANG_WARN_QUOTED_INCLUDE_IN_FRAMEWORK_HEADER = YES;
				CLANG_WARN_RANGE_LOOP_ANALYSIS = YES;
				CLANG_WARN_STRICT_PROTOTYPES = YES;
				CLANG_WARN_SUSPICIOUS_MOVE = YES;
				CLANG_WARN_UNGUARDED_AVAILABILITY = YES_AGGRESSIVE;
				CLANG_WARN_UNREACHABLE_CODE = YES;
				CLANG_WARN__DUPLICATE_METHOD_MATCH = YES;
				COPY_PHASE_STRIP = NO;
				DEBUG_INFORMATION_FORMAT = dwarf;
				ENABLE_STRICT_OBJC_MSGSEND = YES;
				ENABLE_TESTABILITY = YES;
				GCC_C_LANGUAGE_STANDARD = gnu11;
				GCC_DYNAMIC_NO_PIC = NO;
				GCC_NO_COMMON_BLOCKS = YES;
				GCC_OPTIMIZATION_LEVEL = 0;
				GCC_PREPROCESSOR_DEFINITIONS = (
					"DEBUG=1",
					"$(inherited)",
				);
				GCC_WARN_64_TO_32_BIT_CONVERSION = YES;
				GCC_WARN_ABOUT_RETURN_TYPE = YES_ERROR;
				GCC_WARN_UNDECLARED_SELECTOR = YES;
				GCC_WARN_UNINITIALIZED_AUTOS = YES_AGGRESSIVE;
				GCC_WARN_UNUSED_FUNCTION = YES;
				GCC_WARN_UNUSED_VARIABLE = YES;
				IPHONEOS_DEPLOYMENT_TARGET = 15.5;
				MTL_ENABLE_DEBUG_INFO = INCLUDE_SOURCE;
				MTL_FAST_MATH = YES;
				ONLY_ACTIVE_ARCH = YES;
				SDKROOT = iphoneos;
				SWIFT_ACTIVE_COMPILATION_CONDITIONS = DEBUG;
				SWIFT_OPTIMIZATION_LEVEL = "-Onone";
			};
			name = Debug;
		};
		CE6EF5E528A89B1000976D9C /* Release */ = {
			isa = XCBuildConfiguration;
			buildSettings = {
				ALWAYS_SEARCH_USER_PATHS = NO;
				CLANG_ANALYZER_NONNULL = YES;
				CLANG_ANALYZER_NUMBER_OBJECT_CONVERSION = YES_AGGRESSIVE;
				CLANG_CXX_LANGUAGE_STANDARD = "gnu++17";
				CLANG_ENABLE_MODULES = YES;
				CLANG_ENABLE_OBJC_ARC = YES;
				CLANG_ENABLE_OBJC_WEAK = YES;
				CLANG_WARN_BLOCK_CAPTURE_AUTORELEASING = YES;
				CLANG_WARN_BOOL_CONVERSION = YES;
				CLANG_WARN_COMMA = YES;
				CLANG_WARN_CONSTANT_CONVERSION = YES;
				CLANG_WARN_DEPRECATED_OBJC_IMPLEMENTATIONS = YES;
				CLANG_WARN_DIRECT_OBJC_ISA_USAGE = YES_ERROR;
				CLANG_WARN_DOCUMENTATION_COMMENTS = YES;
				CLANG_WARN_EMPTY_BODY = YES;
				CLANG_WARN_ENUM_CONVERSION = YES;
				CLANG_WARN_INFINITE_RECURSION = YES;
				CLANG_WARN_INT_CONVERSION = YES;
				CLANG_WARN_NON_LITERAL_NULL_CONVERSION = YES;
				CLANG_WARN_OBJC_IMPLICIT_RETAIN_SELF = YES;
				CLANG_WARN_OBJC_LITERAL_CONVERSION = YES;
				CLANG_WARN_OBJC_ROOT_CLASS = YES_ERROR;
				CLANG_WARN_QUOTED_INCLUDE_IN_FRAMEWORK_HEADER = YES;
				CLANG_WARN_RANGE_LOOP_ANALYSIS = YES;
				CLANG_WARN_STRICT_PROTOTYPES = YES;
				CLANG_WARN_SUSPICIOUS_MOVE = YES;
				CLANG_WARN_UNGUARDED_AVAILABILITY = YES_AGGRESSIVE;
				CLANG_WARN_UNREACHABLE_CODE = YES;
				CLANG_WARN__DUPLICATE_METHOD_MATCH = YES;
				COPY_PHASE_STRIP = NO;
				DEBUG_INFORMATION_FORMAT = "dwarf-with-dsym";
				ENABLE_NS_ASSERTIONS = NO;
				ENABLE_STRICT_OBJC_MSGSEND = YES;
				GCC_C_LANGUAGE_STANDARD = gnu11;
				GCC_NO_COMMON_BLOCKS = YES;
				GCC_WARN_64_TO_32_BIT_CONVERSION = YES;
				GCC_WARN_ABOUT_RETURN_TYPE = YES_ERROR;
				GCC_WARN_UNDECLARED_SELECTOR = YES;
				GCC_WARN_UNINITIALIZED_AUTOS = YES_AGGRESSIVE;
				GCC_WARN_UNUSED_FUNCTION = YES;
				GCC_WARN_UNUSED_VARIABLE = YES;
				IPHONEOS_DEPLOYMENT_TARGET = 15.5;
				MTL_ENABLE_DEBUG_INFO = NO;
				MTL_FAST_MATH = YES;
				SDKROOT = iphoneos;
				SWIFT_COMPILATION_MODE = wholemodule;
				SWIFT_OPTIMIZATION_LEVEL = "-O";
				VALIDATE_PRODUCT = YES;
			};
			name = Release;
		};
		CE6EF5E728A89B1000976D9C /* Debug */ = {
			isa = XCBuildConfiguration;
			buildSettings = {
				ASSETCATALOG_COMPILER_APPICON_NAME = AppIcon;
				ASSETCATALOG_COMPILER_GLOBAL_ACCENT_COLOR_NAME = AccentColor;
				CODE_SIGN_STYLE = Automatic;
				CURRENT_PROJECT_VERSION = 1;
				DEVELOPMENT_TEAM = 5HZQ3M82FA;
				GENERATE_INFOPLIST_FILE = YES;
				INFOPLIST_FILE = Giphy/Info.plist;
				INFOPLIST_KEY_UIApplicationSupportsIndirectInputEvents = YES;
				INFOPLIST_KEY_UILaunchStoryboardName = LaunchScreen;
				INFOPLIST_KEY_UISupportedInterfaceOrientations_iPad = "UIInterfaceOrientationPortrait UIInterfaceOrientationPortraitUpsideDown UIInterfaceOrientationLandscapeLeft UIInterfaceOrientationLandscapeRight";
				INFOPLIST_KEY_UISupportedInterfaceOrientations_iPhone = "UIInterfaceOrientationPortrait UIInterfaceOrientationLandscapeLeft UIInterfaceOrientationLandscapeRight";
				LD_RUNPATH_SEARCH_PATHS = (
					"$(inherited)",
					"@executable_path/Frameworks",
				);
				MARKETING_VERSION = 1.0;
				PRODUCT_BUNDLE_IDENTIFIER = com.seunghun.Giphy;
				PRODUCT_NAME = "$(TARGET_NAME)";
				SWIFT_EMIT_LOC_STRINGS = YES;
				SWIFT_VERSION = 5.0;
				TARGETED_DEVICE_FAMILY = "1,2";
			};
			name = Debug;
		};
		CE6EF5E828A89B1000976D9C /* Release */ = {
			isa = XCBuildConfiguration;
			buildSettings = {
				ASSETCATALOG_COMPILER_APPICON_NAME = AppIcon;
				ASSETCATALOG_COMPILER_GLOBAL_ACCENT_COLOR_NAME = AccentColor;
				CODE_SIGN_STYLE = Automatic;
				CURRENT_PROJECT_VERSION = 1;
				DEVELOPMENT_TEAM = 5HZQ3M82FA;
				GENERATE_INFOPLIST_FILE = YES;
				INFOPLIST_FILE = Giphy/Info.plist;
				INFOPLIST_KEY_UIApplicationSupportsIndirectInputEvents = YES;
				INFOPLIST_KEY_UILaunchStoryboardName = LaunchScreen;
				INFOPLIST_KEY_UISupportedInterfaceOrientations_iPad = "UIInterfaceOrientationPortrait UIInterfaceOrientationPortraitUpsideDown UIInterfaceOrientationLandscapeLeft UIInterfaceOrientationLandscapeRight";
				INFOPLIST_KEY_UISupportedInterfaceOrientations_iPhone = "UIInterfaceOrientationPortrait UIInterfaceOrientationLandscapeLeft UIInterfaceOrientationLandscapeRight";
				LD_RUNPATH_SEARCH_PATHS = (
					"$(inherited)",
					"@executable_path/Frameworks",
				);
				MARKETING_VERSION = 1.0;
				PRODUCT_BUNDLE_IDENTIFIER = com.seunghun.Giphy;
				PRODUCT_NAME = "$(TARGET_NAME)";
				SWIFT_EMIT_LOC_STRINGS = YES;
				SWIFT_VERSION = 5.0;
				TARGETED_DEVICE_FAMILY = "1,2";
			};
			name = Release;
		};
/* End XCBuildConfiguration section */

/* Begin XCConfigurationList section */
		CE6EF5CD28A89B1000976D9C /* Build configuration list for PBXProject "Giphy" */ = {
			isa = XCConfigurationList;
			buildConfigurations = (
				CE6EF5E428A89B1000976D9C /* Debug */,
				CE6EF5E528A89B1000976D9C /* Release */,
			);
			defaultConfigurationIsVisible = 0;
			defaultConfigurationName = Release;
		};
		CE6EF5E628A89B1000976D9C /* Build configuration list for PBXNativeTarget "Giphy" */ = {
			isa = XCConfigurationList;
			buildConfigurations = (
				CE6EF5E728A89B1000976D9C /* Debug */,
				CE6EF5E828A89B1000976D9C /* Release */,
			);
			defaultConfigurationIsVisible = 0;
			defaultConfigurationName = Release;
		};
/* End XCConfigurationList section */

/* Begin XCRemoteSwiftPackageReference section */
		CEB5C0C128AA2B41009EBDBE /* XCRemoteSwiftPackageReference "Swinject" */ = {
			isa = XCRemoteSwiftPackageReference;
			repositoryURL = "https://github.com/Swinject/Swinject";
			requirement = {
				kind = upToNextMajorVersion;
				minimumVersion = 2.0.0;
			};
		};
/* End XCRemoteSwiftPackageReference section */

/* Begin XCSwiftPackageProductDependency section */
		CEB5C0C228AA2B41009EBDBE /* Swinject */ = {
			isa = XCSwiftPackageProductDependency;
			package = CEB5C0C128AA2B41009EBDBE /* XCRemoteSwiftPackageReference "Swinject" */;
			productName = Swinject;
		};
/* End XCSwiftPackageProductDependency section */
	};
	rootObject = CE6EF5CA28A89B1000976D9C /* Project object */;
}
