// !$*UTF8*$!
{
	archiveVersion = 1;
	classes = {
	};
	objectVersion = 55;
	objects = {

/* Begin PBXBuildFile section */
		CE3A475128D0CF330097916E /* NukeFLAnimatedImagePlugin in Frameworks */ = {isa = PBXBuildFile; productRef = CE3A475028D0CF330097916E /* NukeFLAnimatedImagePlugin */; };
		CE51CAA228B215CF004A110A /* DependencyContainer.swift in Sources */ = {isa = PBXBuildFile; fileRef = CE51CAA128B215CF004A110A /* DependencyContainer.swift */; };
		CE6EF5D628A89B1000976D9C /* AppDelegate.swift in Sources */ = {isa = PBXBuildFile; fileRef = CE6EF5D528A89B1000976D9C /* AppDelegate.swift */; };
		CE6EF5D828A89B1000976D9C /* SceneDelegate.swift in Sources */ = {isa = PBXBuildFile; fileRef = CE6EF5D728A89B1000976D9C /* SceneDelegate.swift */; };
		CE6EF5DF28A89B1000976D9C /* Assets.xcassets in Resources */ = {isa = PBXBuildFile; fileRef = CE6EF5DE28A89B1000976D9C /* Assets.xcassets */; };
		CE6EF5E228A89B1000976D9C /* LaunchScreen.storyboard in Resources */ = {isa = PBXBuildFile; fileRef = CE6EF5E028A89B1000976D9C /* LaunchScreen.storyboard */; };
		CE728FC928D0C56800429022 /* URLRequestDataSourceLayer.xcframework in Frameworks */ = {isa = PBXBuildFile; fileRef = CE728FC828D0C56800429022 /* URLRequestDataSourceLayer.xcframework */; };
		CE728FCA28D0C56800429022 /* URLRequestDataSourceLayer.xcframework in Embed Frameworks */ = {isa = PBXBuildFile; fileRef = CE728FC828D0C56800429022 /* URLRequestDataSourceLayer.xcframework */; settings = {ATTRIBUTES = (CodeSignOnCopy, RemoveHeadersOnCopy, ); }; };
		CE728FCC28D0C57100429022 /* GiphyDataLayer.xcframework in Frameworks */ = {isa = PBXBuildFile; fileRef = CE728FCB28D0C57100429022 /* GiphyDataLayer.xcframework */; };
		CE728FCD28D0C57100429022 /* GiphyDataLayer.xcframework in Embed Frameworks */ = {isa = PBXBuildFile; fileRef = CE728FCB28D0C57100429022 /* GiphyDataLayer.xcframework */; settings = {ATTRIBUTES = (CodeSignOnCopy, RemoveHeadersOnCopy, ); }; };
		CE728FCF28D0C57B00429022 /* GiphyDomainLayer.xcframework in Frameworks */ = {isa = PBXBuildFile; fileRef = CE728FCE28D0C57B00429022 /* GiphyDomainLayer.xcframework */; };
		CE728FD028D0C57B00429022 /* GiphyDomainLayer.xcframework in Embed Frameworks */ = {isa = PBXBuildFile; fileRef = CE728FCE28D0C57B00429022 /* GiphyDomainLayer.xcframework */; settings = {ATTRIBUTES = (CodeSignOnCopy, RemoveHeadersOnCopy, ); }; };
		CE728FD228D0C58900429022 /* GiphySearchPresentationLayer.xcframework in Frameworks */ = {isa = PBXBuildFile; fileRef = CE728FD128D0C58900429022 /* GiphySearchPresentationLayer.xcframework */; };
		CE728FD328D0C58900429022 /* GiphySearchPresentationLayer.xcframework in Embed Frameworks */ = {isa = PBXBuildFile; fileRef = CE728FD128D0C58900429022 /* GiphySearchPresentationLayer.xcframework */; settings = {ATTRIBUTES = (CodeSignOnCopy, RemoveHeadersOnCopy, ); }; };
		CE728FD528D0C8F800429022 /* URLRequestDataLayer.xcframework in Frameworks */ = {isa = PBXBuildFile; fileRef = CE728FD428D0C8F800429022 /* URLRequestDataLayer.xcframework */; };
		CE728FD628D0C8F800429022 /* URLRequestDataLayer.xcframework in Embed Frameworks */ = {isa = PBXBuildFile; fileRef = CE728FD428D0C8F800429022 /* URLRequestDataLayer.xcframework */; settings = {ATTRIBUTES = (CodeSignOnCopy, RemoveHeadersOnCopy, ); }; };
		CE728FDC28D0C95300429022 /* Kingfisher in Frameworks */ = {isa = PBXBuildFile; productRef = CE728FDB28D0C95300429022 /* Kingfisher */; };
		CE728FE528D0C99800429022 /* SnapKit in Frameworks */ = {isa = PBXBuildFile; productRef = CE728FE428D0C99800429022 /* SnapKit */; };
		CEB5C0C328AA2B41009EBDBE /* Swinject in Frameworks */ = {isa = PBXBuildFile; productRef = CEB5C0C228AA2B41009EBDBE /* Swinject */; };
		CEC044E928E1E7B900AC5127 /* UIKit+Extensions.xcframework in Frameworks */ = {isa = PBXBuildFile; fileRef = CEC044E728E1E64100AC5127 /* UIKit+Extensions.xcframework */; };
		CEC044EA28E1E7B900AC5127 /* UIKit+Extensions.xcframework in Embed Frameworks */ = {isa = PBXBuildFile; fileRef = CEC044E728E1E64100AC5127 /* UIKit+Extensions.xcframework */; settings = {ATTRIBUTES = (CodeSignOnCopy, RemoveHeadersOnCopy, ); }; };
/* End PBXBuildFile section */

/* Begin PBXCopyFilesBuildPhase section */
		CEE155E728A8CE2B00756C89 /* Embed Frameworks */ = {
			isa = PBXCopyFilesBuildPhase;
			buildActionMask = 2147483647;
			dstPath = "";
			dstSubfolderSpec = 10;
			files = (
				CE728FCA28D0C56800429022 /* URLRequestDataSourceLayer.xcframework in Embed Frameworks */,
				CE728FCD28D0C57100429022 /* GiphyDataLayer.xcframework in Embed Frameworks */,
				CE728FD028D0C57B00429022 /* GiphyDomainLayer.xcframework in Embed Frameworks */,
				CE728FD328D0C58900429022 /* GiphySearchPresentationLayer.xcframework in Embed Frameworks */,
				CEC044EA28E1E7B900AC5127 /* UIKit+Extensions.xcframework in Embed Frameworks */,
				CE728FD628D0C8F800429022 /* URLRequestDataLayer.xcframework in Embed Frameworks */,
			);
			name = "Embed Frameworks";
			runOnlyForDeploymentPostprocessing = 0;
		};
/* End PBXCopyFilesBuildPhase section */

/* Begin PBXFileReference section */
		CE51CAA128B215CF004A110A /* DependencyContainer.swift */ = {isa = PBXFileReference; lastKnownFileType = sourcecode.swift; path = DependencyContainer.swift; sourceTree = "<group>"; };
		CE6EF5D228A89B1000976D9C /* Giphy.app */ = {isa = PBXFileReference; explicitFileType = wrapper.application; includeInIndex = 0; path = Giphy.app; sourceTree = BUILT_PRODUCTS_DIR; };
		CE6EF5D528A89B1000976D9C /* AppDelegate.swift */ = {isa = PBXFileReference; lastKnownFileType = sourcecode.swift; path = AppDelegate.swift; sourceTree = "<group>"; };
		CE6EF5D728A89B1000976D9C /* SceneDelegate.swift */ = {isa = PBXFileReference; lastKnownFileType = sourcecode.swift; path = SceneDelegate.swift; sourceTree = "<group>"; };
		CE6EF5DE28A89B1000976D9C /* Assets.xcassets */ = {isa = PBXFileReference; lastKnownFileType = folder.assetcatalog; path = Assets.xcassets; sourceTree = "<group>"; };
		CE6EF5E128A89B1000976D9C /* Base */ = {isa = PBXFileReference; lastKnownFileType = file.storyboard; name = Base; path = Base.lproj/LaunchScreen.storyboard; sourceTree = "<group>"; };
		CE6EF5E328A89B1000976D9C /* Info.plist */ = {isa = PBXFileReference; lastKnownFileType = text.plist.xml; path = Info.plist; sourceTree = "<group>"; };
		CE728FC828D0C56800429022 /* URLRequestDataSourceLayer.xcframework */ = {isa = PBXFileReference; lastKnownFileType = wrapper.xcframework; name = URLRequestDataSourceLayer.xcframework; path = URLRequestDataSourceLayer/build/URLRequestDataSourceLayer.xcframework; sourceTree = "<group>"; };
		CE728FCB28D0C57100429022 /* GiphyDataLayer.xcframework */ = {isa = PBXFileReference; lastKnownFileType = wrapper.xcframework; name = GiphyDataLayer.xcframework; path = GiphyDataLayer/build/GiphyDataLayer.xcframework; sourceTree = "<group>"; };
		CE728FCE28D0C57B00429022 /* GiphyDomainLayer.xcframework */ = {isa = PBXFileReference; lastKnownFileType = wrapper.xcframework; name = GiphyDomainLayer.xcframework; path = GiphyDomainLayer/build/GiphyDomainLayer.xcframework; sourceTree = "<group>"; };
		CE728FD128D0C58900429022 /* GiphySearchPresentationLayer.xcframework */ = {isa = PBXFileReference; lastKnownFileType = wrapper.xcframework; name = GiphySearchPresentationLayer.xcframework; path = GiphySearchPresentationLayer/build/GiphySearchPresentationLayer.xcframework; sourceTree = "<group>"; };
		CE728FD428D0C8F800429022 /* URLRequestDataLayer.xcframework */ = {isa = PBXFileReference; lastKnownFileType = wrapper.xcframework; name = URLRequestDataLayer.xcframework; path = URLRequestDataLayer/build/URLRequestDataLayer.xcframework; sourceTree = "<group>"; };
		CEC044E728E1E64100AC5127 /* UIKit+Extensions.xcframework */ = {isa = PBXFileReference; lastKnownFileType = wrapper.xcframework; name = "UIKit+Extensions.xcframework"; path = "UIKit+Extensions/build/UIKit+Extensions.xcframework"; sourceTree = "<group>"; };
/* End PBXFileReference section */

/* Begin PBXFrameworksBuildPhase section */
		CE6EF5CF28A89B1000976D9C /* Frameworks */ = {
			isa = PBXFrameworksBuildPhase;
			buildActionMask = 2147483647;
			files = (
				CE728FCC28D0C57100429022 /* GiphyDataLayer.xcframework in Frameworks */,
				CE3A475128D0CF330097916E /* NukeFLAnimatedImagePlugin in Frameworks */,
				CE728FD228D0C58900429022 /* GiphySearchPresentationLayer.xcframework in Frameworks */,
				CE728FCF28D0C57B00429022 /* GiphyDomainLayer.xcframework in Frameworks */,
				CE728FDC28D0C95300429022 /* Kingfisher in Frameworks */,
				CE728FD528D0C8F800429022 /* URLRequestDataLayer.xcframework in Frameworks */,
				CEC044E928E1E7B900AC5127 /* UIKit+Extensions.xcframework in Frameworks */,
				CE728FC928D0C56800429022 /* URLRequestDataSourceLayer.xcframework in Frameworks */,
				CEB5C0C328AA2B41009EBDBE /* Swinject in Frameworks */,
				CE728FE528D0C99800429022 /* SnapKit in Frameworks */,
			);
			runOnlyForDeploymentPostprocessing = 0;
		};
/* End PBXFrameworksBuildPhase section */

/* Begin PBXGroup section */
		CE6EF5C928A89B1000976D9C = {
			isa = PBXGroup;
			children = (
				CE6EF5D428A89B1000976D9C /* Giphy */,
				CE6EF5D328A89B1000976D9C /* Products */,
				CEE155E428A8CE2B00756C89 /* Frameworks */,
			);
			sourceTree = "<group>";
		};
		CE6EF5D328A89B1000976D9C /* Products */ = {
			isa = PBXGroup;
			children = (
				CE6EF5D228A89B1000976D9C /* Giphy.app */,
			);
			name = Products;
			sourceTree = "<group>";
		};
		CE6EF5D428A89B1000976D9C /* Giphy */ = {
			isa = PBXGroup;
			children = (
				CE6EF5D528A89B1000976D9C /* AppDelegate.swift */,
				CE6EF5D728A89B1000976D9C /* SceneDelegate.swift */,
				CE51CAA128B215CF004A110A /* DependencyContainer.swift */,
				CE6EF5DE28A89B1000976D9C /* Assets.xcassets */,
				CE6EF5E028A89B1000976D9C /* LaunchScreen.storyboard */,
				CE6EF5E328A89B1000976D9C /* Info.plist */,
			);
			path = Giphy;
			sourceTree = "<group>";
		};
		CEE155E428A8CE2B00756C89 /* Frameworks */ = {
			isa = PBXGroup;
			children = (
				CEC044E728E1E64100AC5127 /* UIKit+Extensions.xcframework */,
				CE728FD428D0C8F800429022 /* URLRequestDataLayer.xcframework */,
				CE728FD128D0C58900429022 /* GiphySearchPresentationLayer.xcframework */,
				CE728FCE28D0C57B00429022 /* GiphyDomainLayer.xcframework */,
				CE728FCB28D0C57100429022 /* GiphyDataLayer.xcframework */,
				CE728FC828D0C56800429022 /* URLRequestDataSourceLayer.xcframework */,
			);
			name = Frameworks;
			sourceTree = "<group>";
		};
/* End PBXGroup section */

/* Begin PBXNativeTarget section */
		CE6EF5D128A89B1000976D9C /* Giphy */ = {
			isa = PBXNativeTarget;
			buildConfigurationList = CE6EF5E628A89B1000976D9C /* Build configuration list for PBXNativeTarget "Giphy" */;
			buildPhases = (
				CE6EF5CE28A89B1000976D9C /* Sources */,
				CE6EF5CF28A89B1000976D9C /* Frameworks */,
				CE6EF5D028A89B1000976D9C /* Resources */,
				CEE155E728A8CE2B00756C89 /* Embed Frameworks */,
			);
			buildRules = (
			);
			dependencies = (
			);
			name = Giphy;
			packageProductDependencies = (
				CEB5C0C228AA2B41009EBDBE /* Swinject */,
				CE728FDB28D0C95300429022 /* Kingfisher */,
				CE728FE428D0C99800429022 /* SnapKit */,
				CE3A475028D0CF330097916E /* NukeFLAnimatedImagePlugin */,
			);
			productName = Giphy;
			productReference = CE6EF5D228A89B1000976D9C /* Giphy.app */;
			productType = "com.apple.product-type.application";
		};
/* End PBXNativeTarget section */

/* Begin PBXProject section */
		CE6EF5CA28A89B1000976D9C /* Project object */ = {
			isa = PBXProject;
			attributes = {
				BuildIndependentTargetsInParallel = 1;
				LastSwiftUpdateCheck = 1340;
				LastUpgradeCheck = 1340;
				TargetAttributes = {
					CE6EF5D128A89B1000976D9C = {
						CreatedOnToolsVersion = 13.4;
					};
				};
			};
			buildConfigurationList = CE6EF5CD28A89B1000976D9C /* Build configuration list for PBXProject "Giphy" */;
			compatibilityVersion = "Xcode 13.0";
			developmentRegion = en;
			hasScannedForEncodings = 0;
			knownRegions = (
				en,
				Base,
			);
			mainGroup = CE6EF5C928A89B1000976D9C;
			packageReferences = (
				CEB5C0C128AA2B41009EBDBE /* XCRemoteSwiftPackageReference "Swinject" */,
				CE728FDA28D0C95300429022 /* XCRemoteSwiftPackageReference "Kingfisher" */,
				CE728FE328D0C99800429022 /* XCRemoteSwiftPackageReference "SnapKit" */,
				CE3A474F28D0CF330097916E /* XCRemoteSwiftPackageReference "Nuke-FLAnimatedImage-Plugin" */,
			);
			productRefGroup = CE6EF5D328A89B1000976D9C /* Products */;
			projectDirPath = "";
			projectRoot = "";
			targets = (
				CE6EF5D128A89B1000976D9C /* Giphy */,
			);
		};
/* End PBXProject section */

/* Begin PBXResourcesBuildPhase section */
		CE6EF5D028A89B1000976D9C /* Resources */ = {
			isa = PBXResourcesBuildPhase;
			buildActionMask = 2147483647;
			files = (
				CE6EF5E228A89B1000976D9C /* LaunchScreen.storyboard in Resources */,
				CE6EF5DF28A89B1000976D9C /* Assets.xcassets in Resources */,
			);
			runOnlyForDeploymentPostprocessing = 0;
		};
/* End PBXResourcesBuildPhase section */

/* Begin PBXSourcesBuildPhase section */
		CE6EF5CE28A89B1000976D9C /* Sources */ = {
			isa = PBXSourcesBuildPhase;
			buildActionMask = 2147483647;
			files = (
				CE6EF5D628A89B1000976D9C /* AppDelegate.swift in Sources */,
				CE51CAA228B215CF004A110A /* DependencyContainer.swift in Sources */,
				CE6EF5D828A89B1000976D9C /* SceneDelegate.swift in Sources */,
			);
			runOnlyForDeploymentPostprocessing = 0;
		};
/* End PBXSourcesBuildPhase section */

/* Begin PBXVariantGroup section */
		CE6EF5E028A89B1000976D9C /* LaunchScreen.storyboard */ = {
			isa = PBXVariantGroup;
			children = (
				CE6EF5E128A89B1000976D9C /* Base */,
			);
			name = LaunchScreen.storyboard;
			sourceTree = "<group>";
		};
/* End PBXVariantGroup section */

/* Begin XCBuildConfiguration section */
		CE6EF5E428A89B1000976D9C /* Debug */ = {
			isa = XCBuildConfiguration;
			buildSettings = {
				ALWAYS_SEARCH_USER_PATHS = NO;
				CLANG_ANALYZER_NONNULL = YES;
				CLANG_ANALYZER_NUMBER_OBJECT_CONVERSION = YES_AGGRESSIVE;
				CLANG_CXX_LANGUAGE_STANDARD = "gnu++17";
				CLANG_ENABLE_MODULES = YES;
				CLANG_ENABLE_OBJC_ARC = YES;
				CLANG_ENABLE_OBJC_WEAK = YES;
				CLANG_WARN_BLOCK_CAPTURE_AUTORELEASING = YES;
				CLANG_WARN_BOOL_CONVERSION = YES;
				CLANG_WARN_COMMA = YES;
				CLANG_WARN_CONSTANT_CONVERSION = YES;
				CLANG_WARN_DEPRECATED_OBJC_IMPLEMENTATIONS = YES;
				CLANG_WARN_DIRECT_OBJC_ISA_USAGE = YES_ERROR;
				CLANG_WARN_DOCUMENTATION_COMMENTS = YES;
				CLANG_WARN_EMPTY_BODY = YES;
				CLANG_WARN_ENUM_CONVERSION = YES;
				CLANG_WARN_INFINITE_RECURSION = YES;
				CLANG_WARN_INT_CONVERSION = YES;
				CLANG_WARN_NON_LITERAL_NULL_CONVERSION = YES;
				CLANG_WARN_OBJC_IMPLICIT_RETAIN_SELF = YES;
				CLANG_WARN_OBJC_LITERAL_CONVERSION = YES;
				CLANG_WARN_OBJC_ROOT_CLASS = YES_ERROR;
				CLANG_WARN_QUOTED_INCLUDE_IN_FRAMEWORK_HEADER = YES;
				CLANG_WARN_RANGE_LOOP_ANALYSIS = YES;
				CLANG_WARN_STRICT_PROTOTYPES = YES;
				CLANG_WARN_SUSPICIOUS_MOVE = YES;
				CLANG_WARN_UNGUARDED_AVAILABILITY = YES_AGGRESSIVE;
				CLANG_WARN_UNREACHABLE_CODE = YES;
				CLANG_WARN__DUPLICATE_METHOD_MATCH = YES;
				COPY_PHASE_STRIP = NO;
				DEBUG_INFORMATION_FORMAT = dwarf;
				ENABLE_STRICT_OBJC_MSGSEND = YES;
				ENABLE_TESTABILITY = YES;
				GCC_C_LANGUAGE_STANDARD = gnu11;
				GCC_DYNAMIC_NO_PIC = NO;
				GCC_NO_COMMON_BLOCKS = YES;
				GCC_OPTIMIZATION_LEVEL = 0;
				GCC_PREPROCESSOR_DEFINITIONS = (
					"DEBUG=1",
					"$(inherited)",
				);
				GCC_WARN_64_TO_32_BIT_CONVERSION = YES;
				GCC_WARN_ABOUT_RETURN_TYPE = YES_ERROR;
				GCC_WARN_UNDECLARED_SELECTOR = YES;
				GCC_WARN_UNINITIALIZED_AUTOS = YES_AGGRESSIVE;
				GCC_WARN_UNUSED_FUNCTION = YES;
				GCC_WARN_UNUSED_VARIABLE = YES;
				IPHONEOS_DEPLOYMENT_TARGET = 13.0;
				MTL_ENABLE_DEBUG_INFO = INCLUDE_SOURCE;
				MTL_FAST_MATH = YES;
				ONLY_ACTIVE_ARCH = YES;
				SDKROOT = iphoneos;
				SWIFT_ACTIVE_COMPILATION_CONDITIONS = DEBUG;
				SWIFT_OPTIMIZATION_LEVEL = "-Onone";
			};
			name = Debug;
		};
		CE6EF5E528A89B1000976D9C /* Release */ = {
			isa = XCBuildConfiguration;
			buildSettings = {
				ALWAYS_SEARCH_USER_PATHS = NO;
				CLANG_ANALYZER_NONNULL = YES;
				CLANG_ANALYZER_NUMBER_OBJECT_CONVERSION = YES_AGGRESSIVE;
				CLANG_CXX_LANGUAGE_STANDARD = "gnu++17";
				CLANG_ENABLE_MODULES = YES;
				CLANG_ENABLE_OBJC_ARC = YES;
				CLANG_ENABLE_OBJC_WEAK = YES;
				CLANG_WARN_BLOCK_CAPTURE_AUTORELEASING = YES;
				CLANG_WARN_BOOL_CONVERSION = YES;
				CLANG_WARN_COMMA = YES;
				CLANG_WARN_CONSTANT_CONVERSION = YES;
				CLANG_WARN_DEPRECATED_OBJC_IMPLEMENTATIONS = YES;
				CLANG_WARN_DIRECT_OBJC_ISA_USAGE = YES_ERROR;
				CLANG_WARN_DOCUMENTATION_COMMENTS = YES;
				CLANG_WARN_EMPTY_BODY = YES;
				CLANG_WARN_ENUM_CONVERSION = YES;
				CLANG_WARN_INFINITE_RECURSION = YES;
				CLANG_WARN_INT_CONVERSION = YES;
				CLANG_WARN_NON_LITERAL_NULL_CONVERSION = YES;
				CLANG_WARN_OBJC_IMPLICIT_RETAIN_SELF = YES;
				CLANG_WARN_OBJC_LITERAL_CONVERSION = YES;
				CLANG_WARN_OBJC_ROOT_CLASS = YES_ERROR;
				CLANG_WARN_QUOTED_INCLUDE_IN_FRAMEWORK_HEADER = YES;
				CLANG_WARN_RANGE_LOOP_ANALYSIS = YES;
				CLANG_WARN_STRICT_PROTOTYPES = YES;
				CLANG_WARN_SUSPICIOUS_MOVE = YES;
				CLANG_WARN_UNGUARDED_AVAILABILITY = YES_AGGRESSIVE;
				CLANG_WARN_UNREACHABLE_CODE = YES;
				CLANG_WARN__DUPLICATE_METHOD_MATCH = YES;
				COPY_PHASE_STRIP = NO;
				DEBUG_INFORMATION_FORMAT = "dwarf-with-dsym";
				ENABLE_NS_ASSERTIONS = NO;
				ENABLE_STRICT_OBJC_MSGSEND = YES;
				GCC_C_LANGUAGE_STANDARD = gnu11;
				GCC_NO_COMMON_BLOCKS = YES;
				GCC_WARN_64_TO_32_BIT_CONVERSION = YES;
				GCC_WARN_ABOUT_RETURN_TYPE = YES_ERROR;
				GCC_WARN_UNDECLARED_SELECTOR = YES;
				GCC_WARN_UNINITIALIZED_AUTOS = YES_AGGRESSIVE;
				GCC_WARN_UNUSED_FUNCTION = YES;
				GCC_WARN_UNUSED_VARIABLE = YES;
				IPHONEOS_DEPLOYMENT_TARGET = 13.0;
				MTL_ENABLE_DEBUG_INFO = NO;
				MTL_FAST_MATH = YES;
				SDKROOT = iphoneos;
				SWIFT_COMPILATION_MODE = wholemodule;
				SWIFT_OPTIMIZATION_LEVEL = "-O";
				VALIDATE_PRODUCT = YES;
			};
			name = Release;
		};
		CE6EF5E728A89B1000976D9C /* Debug */ = {
			isa = XCBuildConfiguration;
			buildSettings = {
				ASSETCATALOG_COMPILER_APPICON_NAME = AppIcon;
				ASSETCATALOG_COMPILER_GLOBAL_ACCENT_COLOR_NAME = AccentColor;
				BUILD_LIBRARY_FOR_DISTRIBUTION = YES;
				CODE_SIGN_STYLE = Automatic;
				CURRENT_PROJECT_VERSION = 1;
				DEVELOPMENT_TEAM = 5HZQ3M82FA;
				GENERATE_INFOPLIST_FILE = YES;
				INFOPLIST_FILE = Giphy/Info.plist;
				INFOPLIST_KEY_UIApplicationSupportsIndirectInputEvents = YES;
				INFOPLIST_KEY_UILaunchStoryboardName = LaunchScreen;
				INFOPLIST_KEY_UISupportedInterfaceOrientations_iPad = "UIInterfaceOrientationPortrait UIInterfaceOrientationPortraitUpsideDown UIInterfaceOrientationLandscapeLeft UIInterfaceOrientationLandscapeRight";
				INFOPLIST_KEY_UISupportedInterfaceOrientations_iPhone = "UIInterfaceOrientationPortrait UIInterfaceOrientationLandscapeLeft UIInterfaceOrientationLandscapeRight";
				IPHONEOS_DEPLOYMENT_TARGET = 13.0;
				LD_RUNPATH_SEARCH_PATHS = (
					"$(inherited)",
					"@executable_path/Frameworks",
				);
				MARKETING_VERSION = 1.0;
				PRODUCT_BUNDLE_IDENTIFIER = com.seunghun.Giphy;
				PRODUCT_NAME = "$(TARGET_NAME)";
				SUPPORTED_PLATFORMS = "iphoneos iphonesimulator";
				SUPPORTS_MACCATALYST = NO;
				SUPPORTS_MAC_DESIGNED_FOR_IPHONE_IPAD = NO;
				SWIFT_EMIT_LOC_STRINGS = YES;
				SWIFT_VERSION = 5.0;
				TARGETED_DEVICE_FAMILY = 1;
			};
			name = Debug;
		};
		CE6EF5E828A89B1000976D9C /* Release */ = {
			isa = XCBuildConfiguration;
			buildSettings = {
				ASSETCATALOG_COMPILER_APPICON_NAME = AppIcon;
				ASSETCATALOG_COMPILER_GLOBAL_ACCENT_COLOR_NAME = AccentColor;
				BUILD_LIBRARY_FOR_DISTRIBUTION = YES;
				CODE_SIGN_STYLE = Automatic;
				CURRENT_PROJECT_VERSION = 1;
				DEVELOPMENT_TEAM = 5HZQ3M82FA;
				GENERATE_INFOPLIST_FILE = YES;
				INFOPLIST_FILE = Giphy/Info.plist;
				INFOPLIST_KEY_UIApplicationSupportsIndirectInputEvents = YES;
				INFOPLIST_KEY_UILaunchStoryboardName = LaunchScreen;
				INFOPLIST_KEY_UISupportedInterfaceOrientations_iPad = "UIInterfaceOrientationPortrait UIInterfaceOrientationPortraitUpsideDown UIInterfaceOrientationLandscapeLeft UIInterfaceOrientationLandscapeRight";
				INFOPLIST_KEY_UISupportedInterfaceOrientations_iPhone = "UIInterfaceOrientationPortrait UIInterfaceOrientationLandscapeLeft UIInterfaceOrientationLandscapeRight";
				IPHONEOS_DEPLOYMENT_TARGET = 13.0;
				LD_RUNPATH_SEARCH_PATHS = (
					"$(inherited)",
					"@executable_path/Frameworks",
				);
				MARKETING_VERSION = 1.0;
				PRODUCT_BUNDLE_IDENTIFIER = com.seunghun.Giphy;
				PRODUCT_NAME = "$(TARGET_NAME)";
				SUPPORTED_PLATFORMS = "iphoneos iphonesimulator";
				SUPPORTS_MACCATALYST = NO;
				SUPPORTS_MAC_DESIGNED_FOR_IPHONE_IPAD = NO;
				SWIFT_EMIT_LOC_STRINGS = YES;
				SWIFT_VERSION = 5.0;
				TARGETED_DEVICE_FAMILY = 1;
			};
			name = Release;
		};
/* End XCBuildConfiguration section */

/* Begin XCConfigurationList section */
		CE6EF5CD28A89B1000976D9C /* Build configuration list for PBXProject "Giphy" */ = {
			isa = XCConfigurationList;
			buildConfigurations = (
				CE6EF5E428A89B1000976D9C /* Debug */,
				CE6EF5E528A89B1000976D9C /* Release */,
			);
			defaultConfigurationIsVisible = 0;
			defaultConfigurationName = Release;
		};
		CE6EF5E628A89B1000976D9C /* Build configuration list for PBXNativeTarget "Giphy" */ = {
			isa = XCConfigurationList;
			buildConfigurations = (
				CE6EF5E728A89B1000976D9C /* Debug */,
				CE6EF5E828A89B1000976D9C /* Release */,
			);
			defaultConfigurationIsVisible = 0;
			defaultConfigurationName = Release;
		};
/* End XCConfigurationList section */

/* Begin XCRemoteSwiftPackageReference section */
		CE3A474F28D0CF330097916E /* XCRemoteSwiftPackageReference "Nuke-FLAnimatedImage-Plugin" */ = {
			isa = XCRemoteSwiftPackageReference;
			repositoryURL = "https://github.com/kean/Nuke-FLAnimatedImage-Plugin.git";
			requirement = {
				kind = upToNextMajorVersion;
				minimumVersion = 8.0.0;
			};
		};
		CE728FDA28D0C95300429022 /* XCRemoteSwiftPackageReference "Kingfisher" */ = {
			isa = XCRemoteSwiftPackageReference;
			repositoryURL = "https://github.com/onevcat/Kingfisher.git";
			requirement = {
				kind = upToNextMajorVersion;
				minimumVersion = 7.0.0;
			};
		};
		CE728FE328D0C99800429022 /* XCRemoteSwiftPackageReference "SnapKit" */ = {
			isa = XCRemoteSwiftPackageReference;
			repositoryURL = "https://github.com/SnapKit/SnapKit.git";
			requirement = {
				kind = upToNextMajorVersion;
				minimumVersion = 5.0.0;
			};
		};
		CEB5C0C128AA2B41009EBDBE /* XCRemoteSwiftPackageReference "Swinject" */ = {
			isa = XCRemoteSwiftPackageReference;
			repositoryURL = "https://github.com/Swinject/Swinject";
			requirement = {
				kind = upToNextMajorVersion;
				minimumVersion = 2.0.0;
			};
		};
/* End XCRemoteSwiftPackageReference section */

/* Begin XCSwiftPackageProductDependency section */
		CE3A475028D0CF330097916E /* NukeFLAnimatedImagePlugin */ = {
			isa = XCSwiftPackageProductDependency;
			package = CE3A474F28D0CF330097916E /* XCRemoteSwiftPackageReference "Nuke-FLAnimatedImage-Plugin" */;
			productName = NukeFLAnimatedImagePlugin;
		};
		CE728FDB28D0C95300429022 /* Kingfisher */ = {
			isa = XCSwiftPackageProductDependency;
			package = CE728FDA28D0C95300429022 /* XCRemoteSwiftPackageReference "Kingfisher" */;
			productName = Kingfisher;
		};
		CE728FE428D0C99800429022 /* SnapKit */ = {
			isa = XCSwiftPackageProductDependency;
			package = CE728FE328D0C99800429022 /* XCRemoteSwiftPackageReference "SnapKit" */;
			productName = SnapKit;
		};
		CEB5C0C228AA2B41009EBDBE /* Swinject */ = {
			isa = XCSwiftPackageProductDependency;
			package = CEB5C0C128AA2B41009EBDBE /* XCRemoteSwiftPackageReference "Swinject" */;
			productName = Swinject;
		};
/* End XCSwiftPackageProductDependency section */
	};
	rootObject = CE6EF5CA28A89B1000976D9C /* Project object */;
}
